
Microsoft Visual Studio Solution File, Format Version 12.00
# Visual Studio Version 17
VisualStudioVersion = 17.8.34330.188
MinimumVisualStudioVersion = 10.0.40219.1
Project("{FAE04EC0-301F-11D3-BF4B-00C04F79EFBC}") = "FlightApp.API", "FlightApp.API\FlightApp.API.csproj", "{D7629971-A466-47E5-89CE-44C5FCF51073}"
EndProject
Project("{FAE04EC0-301F-11D3-BF4B-00C04F79EFBC}") = "FlightApp.Data", "FlightApp.Data\FlightApp.Data.csproj", "{A6AADEFC-E722-4A96-89B8-4C1C08A64857}"
EndProject
Project("{FAE04EC0-301F-11D3-BF4B-00C04F79EFBC}") = "FlightApp.Core", "FlightApp.Core\FlightApp.Core.csproj", "{DCD35165-F239-4087-A8F9-653B5E7A059A}"
EndProject
Global
	GlobalSection(SolutionConfigurationPlatforms) = preSolution
		Debug|Any CPU = Debug|Any CPU
		Release|Any CPU = Release|Any CPU
	EndGlobalSection
	GlobalSection(ProjectConfigurationPlatforms) = postSolution
		{D7629971-A466-47E5-89CE-44C5FCF51073}.Debug|Any CPU.ActiveCfg = Debug|Any CPU
		{D7629971-A466-47E5-89CE-44C5FCF51073}.Debug|Any CPU.Build.0 = Debug|Any CPU
		{D7629971-A466-47E5-89CE-44C5FCF51073}.Release|Any CPU.ActiveCfg = Release|Any CPU
		{D7629971-A466-47E5-89CE-44C5FCF51073}.Release|Any CPU.Build.0 = Release|Any CPU
		{A6AADEFC-E722-4A96-89B8-4C1C08A64857}.Debug|Any CPU.ActiveCfg = Debug|Any CPU
		{A6AADEFC-E722-4A96-89B8-4C1C08A64857}.Debug|Any CPU.Build.0 = Debug|Any CPU
		{A6AADEFC-E722-4A96-89B8-4C1C08A64857}.Release|Any CPU.ActiveCfg = Release|Any CPU
		{A6AADEFC-E722-4A96-89B8-4C1C08A64857}.Release|Any CPU.Build.0 = Release|Any CPU
		{DCD35165-F239-4087-A8F9-653B5E7A059A}.Debug|Any CPU.ActiveCfg = Debug|Any CPU
		{DCD35165-F239-4087-A8F9-653B5E7A059A}.Debug|Any CPU.Build.0 = Debug|Any CPU
		{DCD35165-F239-4087-A8F9-653B5E7A059A}.Release|Any CPU.ActiveCfg = Release|Any CPU
		{DCD35165-F239-4087-A8F9-653B5E7A059A}.Release|Any CPU.Build.0 = Release|Any CPU
	EndGlobalSection
	GlobalSection(SolutionProperties) = preSolution
		HideSolutionNode = FALSE
	EndGlobalSection
	GlobalSection(ExtensibilityGlobals) = postSolution
		SolutionGuid = {14D23F86-FE88-4049-A67C-C9E72693FEC5}
	EndGlobalSection
EndGlobal
